// !$*UTF8*$!
{
	archiveVersion = 1;
	classes = {
	};
	objectVersion = 46;
	objects = {

/* Begin PBXBuildFile section */
		067980231D41BADC00EFCD57 /* main.m in Sources */ = {isa = PBXBuildFile; fileRef = 067980221D41BADC00EFCD57 /* main.m */; };
		067980261D41BADC00EFCD57 /* AppDelegate.m in Sources */ = {isa = PBXBuildFile; fileRef = 067980251D41BADC00EFCD57 /* AppDelegate.m */; };
		067980291D41BADC00EFCD57 /* ViewController.m in Sources */ = {isa = PBXBuildFile; fileRef = 067980281D41BADC00EFCD57 /* ViewController.m */; };
		0679802C1D41BADC00EFCD57 /* Main.storyboard in Resources */ = {isa = PBXBuildFile; fileRef = 0679802A1D41BADC00EFCD57 /* Main.storyboard */; };
		0679802E1D41BADC00EFCD57 /* Assets.xcassets in Resources */ = {isa = PBXBuildFile; fileRef = 0679802D1D41BADC00EFCD57 /* Assets.xcassets */; };
		067980311D41BADC00EFCD57 /* LaunchScreen.storyboard in Resources */ = {isa = PBXBuildFile; fileRef = 0679802F1D41BADC00EFCD57 /* LaunchScreen.storyboard */; };
		0679803D1D41C26700EFCD57 /* AsyncSocket.m in Sources */ = {isa = PBXBuildFile; fileRef = 0679803A1D41C26700EFCD57 /* AsyncSocket.m */; };
		0679803E1D41C26700EFCD57 /* AsyncUdpSocket.m in Sources */ = {isa = PBXBuildFile; fileRef = 0679803C1D41C26700EFCD57 /* AsyncUdpSocket.m */; };
		067980421D41C2D700EFCD57 /* SocketSingleTon.m in Sources */ = {isa = PBXBuildFile; fileRef = 067980411D41C2D700EFCD57 /* SocketSingleTon.m */; };
		067980461D41FB1600EFCD57 /* PublicTool.m in Sources */ = {isa = PBXBuildFile; fileRef = 067980451D41FB1600EFCD57 /* PublicTool.m */; };
/* End PBXBuildFile section */

/* Begin PBXFileReference section */
		0679801E1D41BADC00EFCD57 /* LongConnect.app */ = {isa = PBXFileReference; explicitFileType = wrapper.application; includeInIndex = 0; path = LongConnect.app; sourceTree = BUILT_PRODUCTS_DIR; };
		067980221D41BADC00EFCD57 /* main.m */ = {isa = PBXFileReference; lastKnownFileType = sourcecode.c.objc; path = main.m; sourceTree = "<group>"; };
		067980241D41BADC00EFCD57 /* AppDelegate.h */ = {isa = PBXFileReference; lastKnownFileType = sourcecode.c.h; path = AppDelegate.h; sourceTree = "<group>"; };
		067980251D41BADC00EFCD57 /* AppDelegate.m */ = {isa = PBXFileReference; lastKnownFileType = sourcecode.c.objc; path = AppDelegate.m; sourceTree = "<group>"; };
		067980271D41BADC00EFCD57 /* ViewController.h */ = {isa = PBXFileReference; lastKnownFileType = sourcecode.c.h; path = ViewController.h; sourceTree = "<group>"; };
		067980281D41BADC00EFCD57 /* ViewController.m */ = {isa = PBXFileReference; lastKnownFileType = sourcecode.c.objc; path = ViewController.m; sourceTree = "<group>"; };
		0679802B1D41BADC00EFCD57 /* Base */ = {isa = PBXFileReference; lastKnownFileType = file.storyboard; name = Base; path = Base.lproj/Main.storyboard; sourceTree = "<group>"; };
		0679802D1D41BADC00EFCD57 /* Assets.xcassets */ = {isa = PBXFileReference; lastKnownFileType = folder.assetcatalog; path = Assets.xcassets; sourceTree = "<group>"; };
		067980301D41BADC00EFCD57 /* Base */ = {isa = PBXFileReference; lastKnownFileType = file.storyboard; name = Base; path = Base.lproj/LaunchScreen.storyboard; sourceTree = "<group>"; };
		067980321D41BADC00EFCD57 /* Info.plist */ = {isa = PBXFileReference; lastKnownFileType = text.plist.xml; path = Info.plist; sourceTree = "<group>"; };
		067980391D41C26700EFCD57 /* AsyncSocket.h */ = {isa = PBXFileReference; fileEncoding = 4; lastKnownFileType = sourcecode.c.h; path = AsyncSocket.h; sourceTree = "<group>"; };
		0679803A1D41C26700EFCD57 /* AsyncSocket.m */ = {isa = PBXFileReference; fileEncoding = 4; lastKnownFileType = sourcecode.c.objc; path = AsyncSocket.m; sourceTree = "<group>"; };
		0679803B1D41C26700EFCD57 /* AsyncUdpSocket.h */ = {isa = PBXFileReference; fileEncoding = 4; lastKnownFileType = sourcecode.c.h; path = AsyncUdpSocket.h; sourceTree = "<group>"; };
		0679803C1D41C26700EFCD57 /* AsyncUdpSocket.m */ = {isa = PBXFileReference; fileEncoding = 4; lastKnownFileType = sourcecode.c.objc; path = AsyncUdpSocket.m; sourceTree = "<group>"; };
		067980401D41C2D700EFCD57 /* SocketSingleTon.h */ = {isa = PBXFileReference; fileEncoding = 4; lastKnownFileType = sourcecode.c.h; path = SocketSingleTon.h; sourceTree = "<group>"; };
		067980411D41C2D700EFCD57 /* SocketSingleTon.m */ = {isa = PBXFileReference; fileEncoding = 4; lastKnownFileType = sourcecode.c.objc; path = SocketSingleTon.m; sourceTree = "<group>"; };
		067980441D41FB1600EFCD57 /* PublicTool.h */ = {isa = PBXFileReference; fileEncoding = 4; lastKnownFileType = sourcecode.c.h; path = PublicTool.h; sourceTree = "<group>"; };
		067980451D41FB1600EFCD57 /* PublicTool.m */ = {isa = PBXFileReference; fileEncoding = 4; lastKnownFileType = sourcecode.c.objc; path = PublicTool.m; sourceTree = "<group>"; };
/* End PBXFileReference section */

/* Begin PBXFrameworksBuildPhase section */
		0679801B1D41BADC00EFCD57 /* Frameworks */ = {
			isa = PBXFrameworksBuildPhase;
			buildActionMask = 2147483647;
			files = (
			);
			runOnlyForDeploymentPostprocessing = 0;
		};
/* End PBXFrameworksBuildPhase section */

/* Begin PBXGroup section */
		067980151D41BADC00EFCD57 = {
			isa = PBXGroup;
			children = (
				067980201D41BADC00EFCD57 /* LongConnect */,
				0679801F1D41BADC00EFCD57 /* Products */,
			);
			sourceTree = "<group>";
		};
		0679801F1D41BADC00EFCD57 /* Products */ = {
			isa = PBXGroup;
			children = (
				0679801E1D41BADC00EFCD57 /* LongConnect.app */,
			);
			name = Products;
			sourceTree = "<group>";
		};
		067980201D41BADC00EFCD57 /* LongConnect */ = {
			isa = PBXGroup;
			children = (
				067980431D41FB0C00EFCD57 /* ToolKit */,
				0679803F1D41C2C400EFCD57 /* SingleTon */,
				067980381D41C26700EFCD57 /* SocketAPI */,
				067980241D41BADC00EFCD57 /* AppDelegate.h */,
				067980251D41BADC00EFCD57 /* AppDelegate.m */,
				067980271D41BADC00EFCD57 /* ViewController.h */,
				067980281D41BADC00EFCD57 /* ViewController.m */,
				0679802A1D41BADC00EFCD57 /* Main.storyboard */,
				0679802D1D41BADC00EFCD57 /* Assets.xcassets */,
				0679802F1D41BADC00EFCD57 /* LaunchScreen.storyboard */,
				067980321D41BADC00EFCD57 /* Info.plist */,
				067980211D41BADC00EFCD57 /* Supporting Files */,
			);
			path = LongConnect;
			sourceTree = "<group>";
		};
		067980211D41BADC00EFCD57 /* Supporting Files */ = {
			isa = PBXGroup;
			children = (
				067980221D41BADC00EFCD57 /* main.m */,
			);
			name = "Supporting Files";
			sourceTree = "<group>";
		};
		067980381D41C26700EFCD57 /* SocketAPI */ = {
			isa = PBXGroup;
			children = (
				067980391D41C26700EFCD57 /* AsyncSocket.h */,
				0679803A1D41C26700EFCD57 /* AsyncSocket.m */,
				0679803B1D41C26700EFCD57 /* AsyncUdpSocket.h */,
				0679803C1D41C26700EFCD57 /* AsyncUdpSocket.m */,
			);
			path = SocketAPI;
			sourceTree = "<group>";
		};
		0679803F1D41C2C400EFCD57 /* SingleTon */ = {
			isa = PBXGroup;
			children = (
				067980401D41C2D700EFCD57 /* SocketSingleTon.h */,
				067980411D41C2D700EFCD57 /* SocketSingleTon.m */,
			);
			path = SingleTon;
			sourceTree = "<group>";
		};
		067980431D41FB0C00EFCD57 /* ToolKit */ = {
			isa = PBXGroup;
			children = (
				067980441D41FB1600EFCD57 /* PublicTool.h */,
				067980451D41FB1600EFCD57 /* PublicTool.m */,
			);
			path = ToolKit;
			sourceTree = "<group>";
		};
/* End PBXGroup section */

/* Begin PBXNativeTarget section */
		0679801D1D41BADC00EFCD57 /* LongConnect */ = {
			isa = PBXNativeTarget;
			buildConfigurationList = 067980351D41BADC00EFCD57 /* Build configuration list for PBXNativeTarget "LongConnect" */;
			buildPhases = (
				0679801A1D41BADC00EFCD57 /* Sources */,
				0679801B1D41BADC00EFCD57 /* Frameworks */,
				0679801C1D41BADC00EFCD57 /* Resources */,
			);
			buildRules = (
			);
			dependencies = (
			);
			name = LongConnect;
			productName = LongConnect;
			productReference = 0679801E1D41BADC00EFCD57 /* LongConnect.app */;
			productType = "com.apple.product-type.application";
		};
/* End PBXNativeTarget section */

/* Begin PBXProject section */
		067980161D41BADC00EFCD57 /* Project object */ = {
			isa = PBXProject;
			attributes = {
				LastUpgradeCheck = 0730;
				ORGANIZATIONNAME = gdy;
				TargetAttributes = {
					0679801D1D41BADC00EFCD57 = {
						CreatedOnToolsVersion = 7.3.1;
					};
				};
			};
			buildConfigurationList = 067980191D41BADC00EFCD57 /* Build configuration list for PBXProject "LongConnect" */;
			compatibilityVersion = "Xcode 3.2";
			developmentRegion = English;
			hasScannedForEncodings = 0;
			knownRegions = (
				en,
				Base,
			);
			mainGroup = 067980151D41BADC00EFCD57;
			productRefGroup = 0679801F1D41BADC00EFCD57 /* Products */;
			projectDirPath = "";
			projectRoot = "";
			targets = (
				0679801D1D41BADC00EFCD57 /* LongConnect */,
			);
		};
/* End PBXProject section */

/* Begin PBXResourcesBuildPhase section */
		0679801C1D41BADC00EFCD57 /* Resources */ = {
			isa = PBXResourcesBuildPhase;
			buildActionMask = 2147483647;
			files = (
				067980311D41BADC00EFCD57 /* LaunchScreen.storyboard in Resources */,
				0679802E1D41BADC00EFCD57 /* Assets.xcassets in Resources */,
				0679802C1D41BADC00EFCD57 /* Main.storyboard in Resources */,
			);
			runOnlyForDeploymentPostprocessing = 0;
		};
/* End PBXResourcesBuildPhase section */

/* Begin PBXSourcesBuildPhase section */
		0679801A1D41BADC00EFCD57 /* Sources */ = {
			isa = PBXSourcesBuildPhase;
			buildActionMask = 2147483647;
			files = (
				067980461D41FB1600EFCD57 /* PublicTool.m in Sources */,
				067980291D41BADC00EFCD57 /* ViewController.m in Sources */,
				0679803E1D41C26700EFCD57 /* AsyncUdpSocket.m in Sources */,
				067980421D41C2D700EFCD57 /* SocketSingleTon.m in Sources */,
				067980261D41BADC00EFCD57 /* AppDelegate.m in Sources */,
				067980231D41BADC00EFCD57 /* main.m in Sources */,
				0679803D1D41C26700EFCD57 /* AsyncSocket.m in Sources */,
			);
			runOnlyForDeploymentPostprocessing = 0;
		};
/* End PBXSourcesBuildPhase section */

/* Begin PBXVariantGroup section */
		0679802A1D41BADC00EFCD57 /* Main.storyboard */ = {
			isa = PBXVariantGroup;
			children = (
				0679802B1D41BADC00EFCD57 /* Base */,
			);
			name = Main.storyboard;
			sourceTree = "<group>";
		};
		0679802F1D41BADC00EFCD57 /* LaunchScreen.storyboard */ = {
			isa = PBXVariantGroup;
			children = (
				067980301D41BADC00EFCD57 /* Base */,
			);
			name = LaunchScreen.storyboard;
			sourceTree = "<group>";
		};
/* End PBXVariantGroup section */

/* Begin XCBuildConfiguration section */
		067980331D41BADC00EFCD57 /* Debug */ = {
			isa = XCBuildConfiguration;
			buildSettings = {
				ALWAYS_SEARCH_USER_PATHS = NO;
				CLANG_ANALYZER_NONNULL = YES;
				CLANG_CXX_LANGUAGE_STANDARD = "gnu++0x";
				CLANG_CXX_LIBRARY = "libc++";
				CLANG_ENABLE_MODULES = YES;
				CLANG_ENABLE_OBJC_ARC = YES;
				CLANG_WARN_BOOL_CONVERSION = YES;
				CLANG_WARN_CONSTANT_CONVERSION = YES;
				CLANG_WARN_DIRECT_OBJC_ISA_USAGE = YES_ERROR;
				CLANG_WARN_EMPTY_BODY = YES;
				CLANG_WARN_ENUM_CONVERSION = YES;
				CLANG_WARN_INT_CONVERSION = YES;
				CLANG_WARN_OBJC_ROOT_CLASS = YES_ERROR;
				CLANG_WARN_UNREACHABLE_CODE = YES;
				CLANG_WARN__DUPLICATE_METHOD_MATCH = YES;
				"CODE_SIGN_IDENTITY[sdk=iphoneos*]" = "iPhone Developer";
				COPY_PHASE_STRIP = NO;
				DEBUG_INFORMATION_FORMAT = dwarf;
				ENABLE_STRICT_OBJC_MSGSEND = YES;
				ENABLE_TESTABILITY = YES;
				GCC_C_LANGUAGE_STANDARD = gnu99;
				GCC_DYNAMIC_NO_PIC = NO;
				GCC_NO_COMMON_BLOCKS = YES;
				GCC_OPTIMIZATION_LEVEL = 0;
				GCC_PREPROCESSOR_DEFINITIONS = (
					"DEBUG=1",
					"$(inherited)",
				);
				GCC_WARN_64_TO_32_BIT_CONVERSION = YES;
				GCC_WARN_ABOUT_RETURN_TYPE = YES_ERROR;
				GCC_WARN_UNDECLARED_SELECTOR = YES;
				GCC_WARN_UNINITIALIZED_AUTOS = YES_AGGRESSIVE;
				GCC_WARN_UNUSED_FUNCTION = YES;
				GCC_WARN_UNUSED_VARIABLE = YES;
				IPHONEOS_DEPLOYMENT_TARGET = 9.3;
				MTL_ENABLE_DEBUG_INFO = YES;
				ONLY_ACTIVE_ARCH = YES;
				SDKROOT = iphoneos;
			};
			name = Debug;
		};
		067980341D41BADC00EFCD57 /* Release */ = {
			isa = XCBuildConfiguration;
			buildSettings = {
				ALWAYS_SEARCH_USER_PATHS = NO;
				CLANG_ANALYZER_NONNULL = YES;
				CLANG_CXX_LANGUAGE_STANDARD = "gnu++0x";
				CLANG_CXX_LIBRARY = "libc++";
				CLANG_ENABLE_MODULES = YES;
				CLANG_ENABLE_OBJC_ARC = YES;
				CLANG_WARN_BOOL_CONVERSION = YES;
				CLANG_WARN_CONSTANT_CONVERSION = YES;
				CLANG_WARN_DIRECT_OBJC_ISA_USAGE = YES_ERROR;
				CLANG_WARN_EMPTY_BODY = YES;
				CLANG_WARN_ENUM_CONVERSION = YES;
				CLANG_WARN_INT_CONVERSION = YES;
				CLANG_WARN_OBJC_ROOT_CLASS = YES_ERROR;
				CLANG_WARN_UNREACHABLE_CODE = YES;
				CLANG_WARN__DUPLICATE_METHOD_MATCH = YES;
				"CODE_SIGN_IDENTITY[sdk=iphoneos*]" = "iPhone Developer";
				COPY_PHASE_STRIP = NO;
				DEBUG_INFORMATION_FORMAT = "dwarf-with-dsym";
				ENABLE_NS_ASSERTIONS = NO;
				ENABLE_STRICT_OBJC_MSGSEND = YES;
				GCC_C_LANGUAGE_STANDARD = gnu99;
				GCC_NO_COMMON_BLOCKS = YES;
				GCC_WARN_64_TO_32_BIT_CONVERSION = YES;
				GCC_WARN_ABOUT_RETURN_TYPE = YES_ERROR;
				GCC_WARN_UNDECLARED_SELECTOR = YES;
				GCC_WARN_UNINITIALIZED_AUTOS = YES_AGGRESSIVE;
				GCC_WARN_UNUSED_FUNCTION = YES;
				GCC_WARN_UNUSED_VARIABLE = YES;
				IPHONEOS_DEPLOYMENT_TARGET = 9.3;
				MTL_ENABLE_DEBUG_INFO = NO;
				SDKROOT = iphoneos;
				VALIDATE_PRODUCT = YES;
			};
			name = Release;
		};
		067980361D41BADC00EFCD57 /* Debug */ = {
			isa = XCBuildConfiguration;
			buildSettings = {
				ASSETCATALOG_COMPILER_APPICON_NAME = AppIcon;
				INFOPLIST_FILE = LongConnect/Info.plist;
				IPHONEOS_DEPLOYMENT_TARGET = 7.0;
				LD_RUNPATH_SEARCH_PATHS = "$(inherited) @executable_path/Frameworks";
				PRODUCT_BUNDLE_IDENTIFIER = com.gdy.LongConnect;
				PRODUCT_NAME = "$(TARGET_NAME)";
			};
			name = Debug;
		};
		067980371D41BADC00EFCD57 /* Release */ = {
			isa = XCBuildConfiguration;
			buildSettings = {
				ASSETCATALOG_COMPILER_APPICON_NAME = AppIcon;
				INFOPLIST_FILE = LongConnect/Info.plist;
				IPHONEOS_DEPLOYMENT_TARGET = 7.0;
				LD_RUNPATH_SEARCH_PATHS = "$(inherited) @executable_path/Frameworks";
				PRODUCT_BUNDLE_IDENTIFIER = com.gdy.LongConnect;
				PRODUCT_NAME = "$(TARGET_NAME)";
			};
			name = Release;
		};
/* End XCBuildConfiguration section */

/* Begin XCConfigurationList section */
		067980191D41BADC00EFCD57 /* Build configuration list for PBXProject "LongConnect" */ = {
			isa = XCConfigurationList;
			buildConfigurations = (
				067980331D41BADC00EFCD57 /* Debug */,
				067980341D41BADC00EFCD57 /* Release */,
			);
			defaultConfigurationIsVisible = 0;
			defaultConfigurationName = Release;
		};
		067980351D41BADC00EFCD57 /* Build configuration list for PBXNativeTarget "LongConnect" */ = {
			isa = XCConfigurationList;
			buildConfigurations = (
				067980361D41BADC00EFCD57 /* Debug */,
				067980371D41BADC00EFCD57 /* Release */,
			);
			defaultConfigurationIsVisible = 0;
		};
/* End XCConfigurationList section */
	};
	rootObject = 067980161D41BADC00EFCD57 /* Project object */;
}
