// !$*UTF8*$!
{
	archiveVersion = 1;
	classes = {
	};
	objectVersion = 46;
	objects = {

/* Begin PBXBuildFile section */
		062E401B1D485E32001664A9 /* main.m in Sources */ = {isa = PBXBuildFile; fileRef = 062E401A1D485E32001664A9 /* main.m */; };
		062E401E1D485E32001664A9 /* AppDelegate.m in Sources */ = {isa = PBXBuildFile; fileRef = 062E401D1D485E32001664A9 /* AppDelegate.m */; };
		062E40211D485E32001664A9 /* ViewController.m in Sources */ = {isa = PBXBuildFile; fileRef = 062E40201D485E32001664A9 /* ViewController.m */; };
		062E40241D485E32001664A9 /* Main.storyboard in Resources */ = {isa = PBXBuildFile; fileRef = 062E40221D485E32001664A9 /* Main.storyboard */; };
		062E40261D485E32001664A9 /* Assets.xcassets in Resources */ = {isa = PBXBuildFile; fileRef = 062E40251D485E32001664A9 /* Assets.xcassets */; };
		062E40291D485E32001664A9 /* LaunchScreen.storyboard in Resources */ = {isa = PBXBuildFile; fileRef = 062E40271D485E32001664A9 /* LaunchScreen.storyboard */; };
		062E40311D485EC5001664A9 /* CFNetwork.framework in Frameworks */ = {isa = PBXBuildFile; fileRef = 062E40301D485EC5001664A9 /* CFNetwork.framework */; };
/* End PBXBuildFile section */

/* Begin PBXFileReference section */
		062E40161D485E32001664A9 /* CFNetworkDemo.app */ = {isa = PBXFileReference; explicitFileType = wrapper.application; includeInIndex = 0; path = CFNetworkDemo.app; sourceTree = BUILT_PRODUCTS_DIR; };
		062E401A1D485E32001664A9 /* main.m */ = {isa = PBXFileReference; lastKnownFileType = sourcecode.c.objc; path = main.m; sourceTree = "<group>"; };
		062E401C1D485E32001664A9 /* AppDelegate.h */ = {isa = PBXFileReference; lastKnownFileType = sourcecode.c.h; path = AppDelegate.h; sourceTree = "<group>"; };
		062E401D1D485E32001664A9 /* AppDelegate.m */ = {isa = PBXFileReference; lastKnownFileType = sourcecode.c.objc; path = AppDelegate.m; sourceTree = "<group>"; };
		062E401F1D485E32001664A9 /* ViewController.h */ = {isa = PBXFileReference; lastKnownFileType = sourcecode.c.h; path = ViewController.h; sourceTree = "<group>"; };
		062E40201D485E32001664A9 /* ViewController.m */ = {isa = PBXFileReference; lastKnownFileType = sourcecode.c.objc; path = ViewController.m; sourceTree = "<group>"; };
		062E40231D485E32001664A9 /* Base */ = {isa = PBXFileReference; lastKnownFileType = file.storyboard; name = Base; path = Base.lproj/Main.storyboard; sourceTree = "<group>"; };
		062E40251D485E32001664A9 /* Assets.xcassets */ = {isa = PBXFileReference; lastKnownFileType = folder.assetcatalog; path = Assets.xcassets; sourceTree = "<group>"; };
		062E40281D485E32001664A9 /* Base */ = {isa = PBXFileReference; lastKnownFileType = file.storyboard; name = Base; path = Base.lproj/LaunchScreen.storyboard; sourceTree = "<group>"; };
		062E402A1D485E32001664A9 /* Info.plist */ = {isa = PBXFileReference; lastKnownFileType = text.plist.xml; path = Info.plist; sourceTree = "<group>"; };
		062E40301D485EC5001664A9 /* CFNetwork.framework */ = {isa = PBXFileReference; lastKnownFileType = wrapper.framework; name = CFNetwork.framework; path = System/Library/Frameworks/CFNetwork.framework; sourceTree = SDKROOT; };
/* End PBXFileReference section */

/* Begin PBXFrameworksBuildPhase section */
		062E40131D485E32001664A9 /* Frameworks */ = {
			isa = PBXFrameworksBuildPhase;
			buildActionMask = 2147483647;
			files = (
				062E40311D485EC5001664A9 /* CFNetwork.framework in Frameworks */,
			);
			runOnlyForDeploymentPostprocessing = 0;
		};
/* End PBXFrameworksBuildPhase section */

/* Begin PBXGroup section */
		062E400D1D485E32001664A9 = {
			isa = PBXGroup;
			children = (
				062E40301D485EC5001664A9 /* CFNetwork.framework */,
				062E40181D485E32001664A9 /* CFNetworkDemo */,
				062E40171D485E32001664A9 /* Products */,
			);
			sourceTree = "<group>";
		};
		062E40171D485E32001664A9 /* Products */ = {
			isa = PBXGroup;
			children = (
				062E40161D485E32001664A9 /* CFNetworkDemo.app */,
			);
			name = Products;
			sourceTree = "<group>";
		};
		062E40181D485E32001664A9 /* CFNetworkDemo */ = {
			isa = PBXGroup;
			children = (
				062E401C1D485E32001664A9 /* AppDelegate.h */,
				062E401D1D485E32001664A9 /* AppDelegate.m */,
				062E401F1D485E32001664A9 /* ViewController.h */,
				062E40201D485E32001664A9 /* ViewController.m */,
				062E40221D485E32001664A9 /* Main.storyboard */,
				062E40251D485E32001664A9 /* Assets.xcassets */,
				062E40271D485E32001664A9 /* LaunchScreen.storyboard */,
				062E402A1D485E32001664A9 /* Info.plist */,
				062E40191D485E32001664A9 /* Supporting Files */,
			);
			path = CFNetworkDemo;
			sourceTree = "<group>";
		};
		062E40191D485E32001664A9 /* Supporting Files */ = {
			isa = PBXGroup;
			children = (
				062E401A1D485E32001664A9 /* main.m */,
			);
			name = "Supporting Files";
			sourceTree = "<group>";
		};
/* End PBXGroup section */

/* Begin PBXNativeTarget section */
		062E40151D485E32001664A9 /* CFNetworkDemo */ = {
			isa = PBXNativeTarget;
			buildConfigurationList = 062E402D1D485E32001664A9 /* Build configuration list for PBXNativeTarget "CFNetworkDemo" */;
			buildPhases = (
				062E40121D485E32001664A9 /* Sources */,
				062E40131D485E32001664A9 /* Frameworks */,
				062E40141D485E32001664A9 /* Resources */,
			);
			buildRules = (
			);
			dependencies = (
			);
			name = CFNetworkDemo;
			productName = CFNetworkDemo;
			productReference = 062E40161D485E32001664A9 /* CFNetworkDemo.app */;
			productType = "com.apple.product-type.application";
		};
/* End PBXNativeTarget section */

/* Begin PBXProject section */
		062E400E1D485E32001664A9 /* Project object */ = {
			isa = PBXProject;
			attributes = {
				LastUpgradeCheck = 0730;
				ORGANIZATIONNAME = gdy;
				TargetAttributes = {
					062E40151D485E32001664A9 = {
						CreatedOnToolsVersion = 7.3.1;
					};
				};
			};
			buildConfigurationList = 062E40111D485E32001664A9 /* Build configuration list for PBXProject "CFNetworkDemo" */;
			compatibilityVersion = "Xcode 3.2";
			developmentRegion = English;
			hasScannedForEncodings = 0;
			knownRegions = (
				en,
				Base,
			);
			mainGroup = 062E400D1D485E32001664A9;
			productRefGroup = 062E40171D485E32001664A9 /* Products */;
			projectDirPath = "";
			projectRoot = "";
			targets = (
				062E40151D485E32001664A9 /* CFNetworkDemo */,
			);
		};
/* End PBXProject section */

/* Begin PBXResourcesBuildPhase section */
		062E40141D485E32001664A9 /* Resources */ = {
			isa = PBXResourcesBuildPhase;
			buildActionMask = 2147483647;
			files = (
				062E40291D485E32001664A9 /* LaunchScreen.storyboard in Resources */,
				062E40261D485E32001664A9 /* Assets.xcassets in Resources */,
				062E40241D485E32001664A9 /* Main.storyboard in Resources */,
			);
			runOnlyForDeploymentPostprocessing = 0;
		};
/* End PBXResourcesBuildPhase section */

/* Begin PBXSourcesBuildPhase section */
		062E40121D485E32001664A9 /* Sources */ = {
			isa = PBXSourcesBuildPhase;
			buildActionMask = 2147483647;
			files = (
				062E40211D485E32001664A9 /* ViewController.m in Sources */,
				062E401E1D485E32001664A9 /* AppDelegate.m in Sources */,
				062E401B1D485E32001664A9 /* main.m in Sources */,
			);
			runOnlyForDeploymentPostprocessing = 0;
		};
/* End PBXSourcesBuildPhase section */

/* Begin PBXVariantGroup section */
		062E40221D485E32001664A9 /* Main.storyboard */ = {
			isa = PBXVariantGroup;
			children = (
				062E40231D485E32001664A9 /* Base */,
			);
			name = Main.storyboard;
			sourceTree = "<group>";
		};
		062E40271D485E32001664A9 /* LaunchScreen.storyboard */ = {
			isa = PBXVariantGroup;
			children = (
				062E40281D485E32001664A9 /* Base */,
			);
			name = LaunchScreen.storyboard;
			sourceTree = "<group>";
		};
/* End PBXVariantGroup section */

/* Begin XCBuildConfiguration section */
		062E402B1D485E32001664A9 /* Debug */ = {
			isa = XCBuildConfiguration;
			buildSettings = {
				ALWAYS_SEARCH_USER_PATHS = NO;
				CLANG_ANALYZER_NONNULL = YES;
				CLANG_CXX_LANGUAGE_STANDARD = "gnu++0x";
				CLANG_CXX_LIBRARY = "libc++";
				CLANG_ENABLE_MODULES = YES;
				CLANG_ENABLE_OBJC_ARC = YES;
				CLANG_WARN_BOOL_CONVERSION = YES;
				CLANG_WARN_CONSTANT_CONVERSION = YES;
				CLANG_WARN_DIRECT_OBJC_ISA_USAGE = YES_ERROR;
				CLANG_WARN_EMPTY_BODY = YES;
				CLANG_WARN_ENUM_CONVERSION = YES;
				CLANG_WARN_INT_CONVERSION = YES;
				CLANG_WARN_OBJC_ROOT_CLASS = YES_ERROR;
				CLANG_WARN_UNREACHABLE_CODE = YES;
				CLANG_WARN__DUPLICATE_METHOD_MATCH = YES;
				"CODE_SIGN_IDENTITY[sdk=iphoneos*]" = "iPhone Developer";
				COPY_PHASE_STRIP = NO;
				DEBUG_INFORMATION_FORMAT = dwarf;
				ENABLE_STRICT_OBJC_MSGSEND = YES;
				ENABLE_TESTABILITY = YES;
				GCC_C_LANGUAGE_STANDARD = gnu99;
				GCC_DYNAMIC_NO_PIC = NO;
				GCC_NO_COMMON_BLOCKS = YES;
				GCC_OPTIMIZATION_LEVEL = 0;
				GCC_PREPROCESSOR_DEFINITIONS = (
					"DEBUG=1",
					"$(inherited)",
				);
				GCC_WARN_64_TO_32_BIT_CONVERSION = YES;
				GCC_WARN_ABOUT_RETURN_TYPE = YES_ERROR;
				GCC_WARN_UNDECLARED_SELECTOR = YES;
				GCC_WARN_UNINITIALIZED_AUTOS = YES_AGGRESSIVE;
				GCC_WARN_UNUSED_FUNCTION = YES;
				GCC_WARN_UNUSED_VARIABLE = YES;
				IPHONEOS_DEPLOYMENT_TARGET = 9.3;
				MTL_ENABLE_DEBUG_INFO = YES;
				ONLY_ACTIVE_ARCH = YES;
				SDKROOT = iphoneos;
			};
			name = Debug;
		};
		062E402C1D485E32001664A9 /* Release */ = {
			isa = XCBuildConfiguration;
			buildSettings = {
				ALWAYS_SEARCH_USER_PATHS = NO;
				CLANG_ANALYZER_NONNULL = YES;
				CLANG_CXX_LANGUAGE_STANDARD = "gnu++0x";
				CLANG_CXX_LIBRARY = "libc++";
				CLANG_ENABLE_MODULES = YES;
				CLANG_ENABLE_OBJC_ARC = YES;
				CLANG_WARN_BOOL_CONVERSION = YES;
				CLANG_WARN_CONSTANT_CONVERSION = YES;
				CLANG_WARN_DIRECT_OBJC_ISA_USAGE = YES_ERROR;
				CLANG_WARN_EMPTY_BODY = YES;
				CLANG_WARN_ENUM_CONVERSION = YES;
				CLANG_WARN_INT_CONVERSION = YES;
				CLANG_WARN_OBJC_ROOT_CLASS = YES_ERROR;
				CLANG_WARN_UNREACHABLE_CODE = YES;
				CLANG_WARN__DUPLICATE_METHOD_MATCH = YES;
				"CODE_SIGN_IDENTITY[sdk=iphoneos*]" = "iPhone Developer";
				COPY_PHASE_STRIP = NO;
				DEBUG_INFORMATION_FORMAT = "dwarf-with-dsym";
				ENABLE_NS_ASSERTIONS = NO;
				ENABLE_STRICT_OBJC_MSGSEND = YES;
				GCC_C_LANGUAGE_STANDARD = gnu99;
				GCC_NO_COMMON_BLOCKS = YES;
				GCC_WARN_64_TO_32_BIT_CONVERSION = YES;
				GCC_WARN_ABOUT_RETURN_TYPE = YES_ERROR;
				GCC_WARN_UNDECLARED_SELECTOR = YES;
				GCC_WARN_UNINITIALIZED_AUTOS = YES_AGGRESSIVE;
				GCC_WARN_UNUSED_FUNCTION = YES;
				GCC_WARN_UNUSED_VARIABLE = YES;
				IPHONEOS_DEPLOYMENT_TARGET = 9.3;
				MTL_ENABLE_DEBUG_INFO = NO;
				SDKROOT = iphoneos;
				VALIDATE_PRODUCT = YES;
			};
			name = Release;
		};
		062E402E1D485E32001664A9 /* Debug */ = {
			isa = XCBuildConfiguration;
			buildSettings = {
				ASSETCATALOG_COMPILER_APPICON_NAME = AppIcon;
				INFOPLIST_FILE = CFNetworkDemo/Info.plist;
				IPHONEOS_DEPLOYMENT_TARGET = 7.0;
				LD_RUNPATH_SEARCH_PATHS = "$(inherited) @executable_path/Frameworks";
				PRODUCT_BUNDLE_IDENTIFIER = com.gdy.CFNetworkDemo;
				PRODUCT_NAME = "$(TARGET_NAME)";
			};
			name = Debug;
		};
		062E402F1D485E32001664A9 /* Release */ = {
			isa = XCBuildConfiguration;
			buildSettings = {
				ASSETCATALOG_COMPILER_APPICON_NAME = AppIcon;
				INFOPLIST_FILE = CFNetworkDemo/Info.plist;
				IPHONEOS_DEPLOYMENT_TARGET = 7.0;
				LD_RUNPATH_SEARCH_PATHS = "$(inherited) @executable_path/Frameworks";
				PRODUCT_BUNDLE_IDENTIFIER = com.gdy.CFNetworkDemo;
				PRODUCT_NAME = "$(TARGET_NAME)";
			};
			name = Release;
		};
/* End XCBuildConfiguration section */

/* Begin XCConfigurationList section */
		062E40111D485E32001664A9 /* Build configuration list for PBXProject "CFNetworkDemo" */ = {
			isa = XCConfigurationList;
			buildConfigurations = (
				062E402B1D485E32001664A9 /* Debug */,
				062E402C1D485E32001664A9 /* Release */,
			);
			defaultConfigurationIsVisible = 0;
			defaultConfigurationName = Release;
		};
		062E402D1D485E32001664A9 /* Build configuration list for PBXNativeTarget "CFNetworkDemo" */ = {
			isa = XCConfigurationList;
			buildConfigurations = (
				062E402E1D485E32001664A9 /* Debug */,
				062E402F1D485E32001664A9 /* Release */,
			);
			defaultConfigurationIsVisible = 0;
		};
/* End XCConfigurationList section */
	};
	rootObject = 062E400E1D485E32001664A9 /* Project object */;
}
