// !$*UTF8*$!
{
	archiveVersion = 1;
	classes = {
	};
	objectVersion = 46;
	objects = {

/* Begin PBXBuildFile section */
		06D3982F1D4757E2009DF9E0 /* main.m in Sources */ = {isa = PBXBuildFile; fileRef = 06D3982E1D4757E2009DF9E0 /* main.m */; };
		06D398321D4757E2009DF9E0 /* AppDelegate.m in Sources */ = {isa = PBXBuildFile; fileRef = 06D398311D4757E2009DF9E0 /* AppDelegate.m */; };
		06D398351D4757E2009DF9E0 /* ViewController.m in Sources */ = {isa = PBXBuildFile; fileRef = 06D398341D4757E2009DF9E0 /* ViewController.m */; };
		06D398381D4757E2009DF9E0 /* Main.storyboard in Resources */ = {isa = PBXBuildFile; fileRef = 06D398361D4757E2009DF9E0 /* Main.storyboard */; };
		06D3983A1D4757E2009DF9E0 /* Assets.xcassets in Resources */ = {isa = PBXBuildFile; fileRef = 06D398391D4757E2009DF9E0 /* Assets.xcassets */; };
		06D3983D1D4757E2009DF9E0 /* LaunchScreen.storyboard in Resources */ = {isa = PBXBuildFile; fileRef = 06D3983B1D4757E2009DF9E0 /* LaunchScreen.storyboard */; };
/* End PBXBuildFile section */

/* Begin PBXFileReference section */
		06D3982A1D4757E2009DF9E0 /* CFSocketClient.app */ = {isa = PBXFileReference; explicitFileType = wrapper.application; includeInIndex = 0; path = CFSocketClient.app; sourceTree = BUILT_PRODUCTS_DIR; };
		06D3982E1D4757E2009DF9E0 /* main.m */ = {isa = PBXFileReference; lastKnownFileType = sourcecode.c.objc; path = main.m; sourceTree = "<group>"; };
		06D398301D4757E2009DF9E0 /* AppDelegate.h */ = {isa = PBXFileReference; lastKnownFileType = sourcecode.c.h; path = AppDelegate.h; sourceTree = "<group>"; };
		06D398311D4757E2009DF9E0 /* AppDelegate.m */ = {isa = PBXFileReference; lastKnownFileType = sourcecode.c.objc; path = AppDelegate.m; sourceTree = "<group>"; };
		06D398331D4757E2009DF9E0 /* ViewController.h */ = {isa = PBXFileReference; lastKnownFileType = sourcecode.c.h; path = ViewController.h; sourceTree = "<group>"; };
		06D398341D4757E2009DF9E0 /* ViewController.m */ = {isa = PBXFileReference; lastKnownFileType = sourcecode.c.objc; path = ViewController.m; sourceTree = "<group>"; };
		06D398371D4757E2009DF9E0 /* Base */ = {isa = PBXFileReference; lastKnownFileType = file.storyboard; name = Base; path = Base.lproj/Main.storyboard; sourceTree = "<group>"; };
		06D398391D4757E2009DF9E0 /* Assets.xcassets */ = {isa = PBXFileReference; lastKnownFileType = folder.assetcatalog; path = Assets.xcassets; sourceTree = "<group>"; };
		06D3983C1D4757E2009DF9E0 /* Base */ = {isa = PBXFileReference; lastKnownFileType = file.storyboard; name = Base; path = Base.lproj/LaunchScreen.storyboard; sourceTree = "<group>"; };
		06D3983E1D4757E2009DF9E0 /* Info.plist */ = {isa = PBXFileReference; lastKnownFileType = text.plist.xml; path = Info.plist; sourceTree = "<group>"; };
/* End PBXFileReference section */

/* Begin PBXFrameworksBuildPhase section */
		06D398271D4757E2009DF9E0 /* Frameworks */ = {
			isa = PBXFrameworksBuildPhase;
			buildActionMask = 2147483647;
			files = (
			);
			runOnlyForDeploymentPostprocessing = 0;
		};
/* End PBXFrameworksBuildPhase section */

/* Begin PBXGroup section */
		06D398211D4757E2009DF9E0 = {
			isa = PBXGroup;
			children = (
				06D3982C1D4757E2009DF9E0 /* CFSocketClient */,
				06D3982B1D4757E2009DF9E0 /* Products */,
			);
			sourceTree = "<group>";
		};
		06D3982B1D4757E2009DF9E0 /* Products */ = {
			isa = PBXGroup;
			children = (
				06D3982A1D4757E2009DF9E0 /* CFSocketClient.app */,
			);
			name = Products;
			sourceTree = "<group>";
		};
		06D3982C1D4757E2009DF9E0 /* CFSocketClient */ = {
			isa = PBXGroup;
			children = (
				06D398301D4757E2009DF9E0 /* AppDelegate.h */,
				06D398311D4757E2009DF9E0 /* AppDelegate.m */,
				06D398331D4757E2009DF9E0 /* ViewController.h */,
				06D398341D4757E2009DF9E0 /* ViewController.m */,
				06D398361D4757E2009DF9E0 /* Main.storyboard */,
				06D398391D4757E2009DF9E0 /* Assets.xcassets */,
				06D3983B1D4757E2009DF9E0 /* LaunchScreen.storyboard */,
				06D3983E1D4757E2009DF9E0 /* Info.plist */,
				06D3982D1D4757E2009DF9E0 /* Supporting Files */,
			);
			path = CFSocketClient;
			sourceTree = "<group>";
		};
		06D3982D1D4757E2009DF9E0 /* Supporting Files */ = {
			isa = PBXGroup;
			children = (
				06D3982E1D4757E2009DF9E0 /* main.m */,
			);
			name = "Supporting Files";
			sourceTree = "<group>";
		};
/* End PBXGroup section */

/* Begin PBXNativeTarget section */
		06D398291D4757E2009DF9E0 /* CFSocketClient */ = {
			isa = PBXNativeTarget;
			buildConfigurationList = 06D398411D4757E2009DF9E0 /* Build configuration list for PBXNativeTarget "CFSocketClient" */;
			buildPhases = (
				06D398261D4757E2009DF9E0 /* Sources */,
				06D398271D4757E2009DF9E0 /* Frameworks */,
				06D398281D4757E2009DF9E0 /* Resources */,
			);
			buildRules = (
			);
			dependencies = (
			);
			name = CFSocketClient;
			productName = CFSocketClient;
			productReference = 06D3982A1D4757E2009DF9E0 /* CFSocketClient.app */;
			productType = "com.apple.product-type.application";
		};
/* End PBXNativeTarget section */

/* Begin PBXProject section */
		06D398221D4757E2009DF9E0 /* Project object */ = {
			isa = PBXProject;
			attributes = {
				LastUpgradeCheck = 0730;
				ORGANIZATIONNAME = gdy;
				TargetAttributes = {
					06D398291D4757E2009DF9E0 = {
						CreatedOnToolsVersion = 7.3.1;
					};
				};
			};
			buildConfigurationList = 06D398251D4757E2009DF9E0 /* Build configuration list for PBXProject "CFSocketClient" */;
			compatibilityVersion = "Xcode 3.2";
			developmentRegion = English;
			hasScannedForEncodings = 0;
			knownRegions = (
				en,
				Base,
			);
			mainGroup = 06D398211D4757E2009DF9E0;
			productRefGroup = 06D3982B1D4757E2009DF9E0 /* Products */;
			projectDirPath = "";
			projectRoot = "";
			targets = (
				06D398291D4757E2009DF9E0 /* CFSocketClient */,
			);
		};
/* End PBXProject section */

/* Begin PBXResourcesBuildPhase section */
		06D398281D4757E2009DF9E0 /* Resources */ = {
			isa = PBXResourcesBuildPhase;
			buildActionMask = 2147483647;
			files = (
				06D3983D1D4757E2009DF9E0 /* LaunchScreen.storyboard in Resources */,
				06D3983A1D4757E2009DF9E0 /* Assets.xcassets in Resources */,
				06D398381D4757E2009DF9E0 /* Main.storyboard in Resources */,
			);
			runOnlyForDeploymentPostprocessing = 0;
		};
/* End PBXResourcesBuildPhase section */

/* Begin PBXSourcesBuildPhase section */
		06D398261D4757E2009DF9E0 /* Sources */ = {
			isa = PBXSourcesBuildPhase;
			buildActionMask = 2147483647;
			files = (
				06D398351D4757E2009DF9E0 /* ViewController.m in Sources */,
				06D398321D4757E2009DF9E0 /* AppDelegate.m in Sources */,
				06D3982F1D4757E2009DF9E0 /* main.m in Sources */,
			);
			runOnlyForDeploymentPostprocessing = 0;
		};
/* End PBXSourcesBuildPhase section */

/* Begin PBXVariantGroup section */
		06D398361D4757E2009DF9E0 /* Main.storyboard */ = {
			isa = PBXVariantGroup;
			children = (
				06D398371D4757E2009DF9E0 /* Base */,
			);
			name = Main.storyboard;
			sourceTree = "<group>";
		};
		06D3983B1D4757E2009DF9E0 /* LaunchScreen.storyboard */ = {
			isa = PBXVariantGroup;
			children = (
				06D3983C1D4757E2009DF9E0 /* Base */,
			);
			name = LaunchScreen.storyboard;
			sourceTree = "<group>";
		};
/* End PBXVariantGroup section */

/* Begin XCBuildConfiguration section */
		06D3983F1D4757E2009DF9E0 /* Debug */ = {
			isa = XCBuildConfiguration;
			buildSettings = {
				ALWAYS_SEARCH_USER_PATHS = NO;
				CLANG_ANALYZER_NONNULL = YES;
				CLANG_CXX_LANGUAGE_STANDARD = "gnu++0x";
				CLANG_CXX_LIBRARY = "libc++";
				CLANG_ENABLE_MODULES = YES;
				CLANG_ENABLE_OBJC_ARC = YES;
				CLANG_WARN_BOOL_CONVERSION = YES;
				CLANG_WARN_CONSTANT_CONVERSION = YES;
				CLANG_WARN_DIRECT_OBJC_ISA_USAGE = YES_ERROR;
				CLANG_WARN_EMPTY_BODY = YES;
				CLANG_WARN_ENUM_CONVERSION = YES;
				CLANG_WARN_INT_CONVERSION = YES;
				CLANG_WARN_OBJC_ROOT_CLASS = YES_ERROR;
				CLANG_WARN_UNREACHABLE_CODE = YES;
				CLANG_WARN__DUPLICATE_METHOD_MATCH = YES;
				"CODE_SIGN_IDENTITY[sdk=iphoneos*]" = "iPhone Developer";
				COPY_PHASE_STRIP = NO;
				DEBUG_INFORMATION_FORMAT = dwarf;
				ENABLE_STRICT_OBJC_MSGSEND = YES;
				ENABLE_TESTABILITY = YES;
				GCC_C_LANGUAGE_STANDARD = gnu99;
				GCC_DYNAMIC_NO_PIC = NO;
				GCC_NO_COMMON_BLOCKS = YES;
				GCC_OPTIMIZATION_LEVEL = 0;
				GCC_PREPROCESSOR_DEFINITIONS = (
					"DEBUG=1",
					"$(inherited)",
				);
				GCC_WARN_64_TO_32_BIT_CONVERSION = YES;
				GCC_WARN_ABOUT_RETURN_TYPE = YES_ERROR;
				GCC_WARN_UNDECLARED_SELECTOR = YES;
				GCC_WARN_UNINITIALIZED_AUTOS = YES_AGGRESSIVE;
				GCC_WARN_UNUSED_FUNCTION = YES;
				GCC_WARN_UNUSED_VARIABLE = YES;
				IPHONEOS_DEPLOYMENT_TARGET = 9.3;
				MTL_ENABLE_DEBUG_INFO = YES;
				ONLY_ACTIVE_ARCH = YES;
				SDKROOT = iphoneos;
			};
			name = Debug;
		};
		06D398401D4757E2009DF9E0 /* Release */ = {
			isa = XCBuildConfiguration;
			buildSettings = {
				ALWAYS_SEARCH_USER_PATHS = NO;
				CLANG_ANALYZER_NONNULL = YES;
				CLANG_CXX_LANGUAGE_STANDARD = "gnu++0x";
				CLANG_CXX_LIBRARY = "libc++";
				CLANG_ENABLE_MODULES = YES;
				CLANG_ENABLE_OBJC_ARC = YES;
				CLANG_WARN_BOOL_CONVERSION = YES;
				CLANG_WARN_CONSTANT_CONVERSION = YES;
				CLANG_WARN_DIRECT_OBJC_ISA_USAGE = YES_ERROR;
				CLANG_WARN_EMPTY_BODY = YES;
				CLANG_WARN_ENUM_CONVERSION = YES;
				CLANG_WARN_INT_CONVERSION = YES;
				CLANG_WARN_OBJC_ROOT_CLASS = YES_ERROR;
				CLANG_WARN_UNREACHABLE_CODE = YES;
				CLANG_WARN__DUPLICATE_METHOD_MATCH = YES;
				"CODE_SIGN_IDENTITY[sdk=iphoneos*]" = "iPhone Developer";
				COPY_PHASE_STRIP = NO;
				DEBUG_INFORMATION_FORMAT = "dwarf-with-dsym";
				ENABLE_NS_ASSERTIONS = NO;
				ENABLE_STRICT_OBJC_MSGSEND = YES;
				GCC_C_LANGUAGE_STANDARD = gnu99;
				GCC_NO_COMMON_BLOCKS = YES;
				GCC_WARN_64_TO_32_BIT_CONVERSION = YES;
				GCC_WARN_ABOUT_RETURN_TYPE = YES_ERROR;
				GCC_WARN_UNDECLARED_SELECTOR = YES;
				GCC_WARN_UNINITIALIZED_AUTOS = YES_AGGRESSIVE;
				GCC_WARN_UNUSED_FUNCTION = YES;
				GCC_WARN_UNUSED_VARIABLE = YES;
				IPHONEOS_DEPLOYMENT_TARGET = 9.3;
				MTL_ENABLE_DEBUG_INFO = NO;
				SDKROOT = iphoneos;
				VALIDATE_PRODUCT = YES;
			};
			name = Release;
		};
		06D398421D4757E2009DF9E0 /* Debug */ = {
			isa = XCBuildConfiguration;
			buildSettings = {
				ASSETCATALOG_COMPILER_APPICON_NAME = AppIcon;
				INFOPLIST_FILE = CFSocketClient/Info.plist;
				IPHONEOS_DEPLOYMENT_TARGET = 7.0;
				LD_RUNPATH_SEARCH_PATHS = "$(inherited) @executable_path/Frameworks";
				PRODUCT_BUNDLE_IDENTIFIER = com.gdy.CFSocketClient;
				PRODUCT_NAME = "$(TARGET_NAME)";
			};
			name = Debug;
		};
		06D398431D4757E2009DF9E0 /* Release */ = {
			isa = XCBuildConfiguration;
			buildSettings = {
				ASSETCATALOG_COMPILER_APPICON_NAME = AppIcon;
				INFOPLIST_FILE = CFSocketClient/Info.plist;
				IPHONEOS_DEPLOYMENT_TARGET = 7.0;
				LD_RUNPATH_SEARCH_PATHS = "$(inherited) @executable_path/Frameworks";
				PRODUCT_BUNDLE_IDENTIFIER = com.gdy.CFSocketClient;
				PRODUCT_NAME = "$(TARGET_NAME)";
			};
			name = Release;
		};
/* End XCBuildConfiguration section */

/* Begin XCConfigurationList section */
		06D398251D4757E2009DF9E0 /* Build configuration list for PBXProject "CFSocketClient" */ = {
			isa = XCConfigurationList;
			buildConfigurations = (
				06D3983F1D4757E2009DF9E0 /* Debug */,
				06D398401D4757E2009DF9E0 /* Release */,
			);
			defaultConfigurationIsVisible = 0;
			defaultConfigurationName = Release;
		};
		06D398411D4757E2009DF9E0 /* Build configuration list for PBXNativeTarget "CFSocketClient" */ = {
			isa = XCConfigurationList;
			buildConfigurations = (
				06D398421D4757E2009DF9E0 /* Debug */,
				06D398431D4757E2009DF9E0 /* Release */,
			);
			defaultConfigurationIsVisible = 0;
		};
/* End XCConfigurationList section */
	};
	rootObject = 06D398221D4757E2009DF9E0 /* Project object */;
}
